
Microsoft Visual Studio Solution File, Format Version 12.00
# Visual Studio Version 17
VisualStudioVersion = 17.4.33103.184
MinimumVisualStudioVersion = 10.0.40219.1
Project("{8BC9CEB8-8B4A-11D0-8D11-00A0C91BC942}") = "类模板中成员函数调用时机", "类模板中成员函数调用时机\类模板中成员函数调用时机.vcxproj", "{36040ABD-22C2-49B2-89B5-7082AA650865}"
EndProject
Global
	GlobalSection(SolutionConfigurationPlatforms) = preSolution
		Debug|x64 = Debug|x64
		Debug|x86 = Debug|x86
		Release|x64 = Release|x64
		Release|x86 = Release|x86
	EndGlobalSection
	GlobalSection(ProjectConfigurationPlatforms) = postSolution
		{36040ABD-22C2-49B2-89B5-7082AA650865}.Debug|x64.ActiveCfg = Debug|x64
		{36040ABD-22C2-49B2-89B5-7082AA650865}.Debug|x64.Build.0 = Debug|x64
		{36040ABD-22C2-49B2-89B5-7082AA650865}.Debug|x86.ActiveCfg = Debug|Win32
		{36040ABD-22C2-49B2-89B5-7082AA650865}.Debug|x86.Build.0 = Debug|Win32
		{36040ABD-22C2-49B2-89B5-7082AA650865}.Release|x64.ActiveCfg = Release|x64
		{36040ABD-22C2-49B2-89B5-7082AA650865}.Release|x64.Build.0 = Release|x64
		{36040ABD-22C2-49B2-89B5-7082AA650865}.Release|x86.ActiveCfg = Release|Win32
		{36040ABD-22C2-49B2-89B5-7082AA650865}.Release|x86.Build.0 = Release|Win32
	EndGlobalSection
	GlobalSection(SolutionProperties) = preSolution
		HideSolutionNode = FALSE
	EndGlobalSection
	GlobalSection(ExtensibilityGlobals) = postSolution
		SolutionGuid = {A9DD8281-0672-4EA2-B242-1D850004DD68}
	EndGlobalSection
EndGlobal
